// !$*UTF8*$!
{
	archiveVersion = 1;
	classes = {
	};
	objectVersion = 56;
	objects = {

/* Begin PBXBuildFile section */
		A129BDA22C054AF6006FFA43 /* AppDelegate.swift in Sources */ = {isa = PBXBuildFile; fileRef = A129BDA12C054AF6006FFA43 /* AppDelegate.swift */; };
		A129BDA42C054AF6006FFA43 /* SceneDelegate.swift in Sources */ = {isa = PBXBuildFile; fileRef = A129BDA32C054AF6006FFA43 /* SceneDelegate.swift */; };
		A129BDA62C054AF6006FFA43 /* ViewController.swift in Sources */ = {isa = PBXBuildFile; fileRef = A129BDA52C054AF6006FFA43 /* ViewController.swift */; };
		A129BDA92C054AF6006FFA43 /* Main.storyboard in Resources */ = {isa = PBXBuildFile; fileRef = A129BDA72C054AF6006FFA43 /* Main.storyboard */; };
		A129BDAB2C054AF8006FFA43 /* Assets.xcassets in Resources */ = {isa = PBXBuildFile; fileRef = A129BDAA2C054AF8006FFA43 /* Assets.xcassets */; };
		A129BDAE2C054AF8006FFA43 /* LaunchScreen.storyboard in Resources */ = {isa = PBXBuildFile; fileRef = A129BDAC2C054AF8006FFA43 /* LaunchScreen.storyboard */; };
		A129BDB92C054AF8006FFA43 /* SquadFormersTests.swift in Sources */ = {isa = PBXBuildFile; fileRef = A129BDB82C054AF8006FFA43 /* SquadFormersTests.swift */; };
		A129BDC32C054AF8006FFA43 /* SquadFormersUITests.swift in Sources */ = {isa = PBXBuildFile; fileRef = A129BDC22C054AF8006FFA43 /* SquadFormersUITests.swift */; };
		A129BDC52C054AF8006FFA43 /* SquadFormersUITestsLaunchTests.swift in Sources */ = {isa = PBXBuildFile; fileRef = A129BDC42C054AF8006FFA43 /* SquadFormersUITestsLaunchTests.swift */; };
		A1D5EE542C0630A100E55D20 /* ArticlesViewController.swift in Sources */ = {isa = PBXBuildFile; fileRef = A1D5EE532C0630A100E55D20 /* ArticlesViewController.swift */; };
		A1D5EE572C0632E500E55D20 /* Article.swift in Sources */ = {isa = PBXBuildFile; fileRef = A1D5EE562C0632E500E55D20 /* Article.swift */; };
		A1D5EE5A2C06333300E55D20 /* APIService.swift in Sources */ = {isa = PBXBuildFile; fileRef = A1D5EE592C06333300E55D20 /* APIService.swift */; };
/* End PBXBuildFile section */

/* Begin PBXContainerItemProxy section */
		A129BDB52C054AF8006FFA43 /* PBXContainerItemProxy */ = {
			isa = PBXContainerItemProxy;
			containerPortal = A129BD962C054AF6006FFA43 /* Project object */;
			proxyType = 1;
			remoteGlobalIDString = A129BD9D2C054AF6006FFA43;
			remoteInfo = SquadFormers;
		};
		A129BDBF2C054AF8006FFA43 /* PBXContainerItemProxy */ = {
			isa = PBXContainerItemProxy;
			containerPortal = A129BD962C054AF6006FFA43 /* Project object */;
			proxyType = 1;
			remoteGlobalIDString = A129BD9D2C054AF6006FFA43;
			remoteInfo = SquadFormers;
		};
/* End PBXContainerItemProxy section */

/* Begin PBXFileReference section */
		A129BD9E2C054AF6006FFA43 /* SquadFormers.app */ = {isa = PBXFileReference; explicitFileType = wrapper.application; includeInIndex = 0; path = SquadFormers.app; sourceTree = BUILT_PRODUCTS_DIR; };
		A129BDA12C054AF6006FFA43 /* AppDelegate.swift */ = {isa = PBXFileReference; lastKnownFileType = sourcecode.swift; path = AppDelegate.swift; sourceTree = "<group>"; };
		A129BDA32C054AF6006FFA43 /* SceneDelegate.swift */ = {isa = PBXFileReference; lastKnownFileType = sourcecode.swift; path = SceneDelegate.swift; sourceTree = "<group>"; };
		A129BDA52C054AF6006FFA43 /* ViewController.swift */ = {isa = PBXFileReference; lastKnownFileType = sourcecode.swift; path = ViewController.swift; sourceTree = "<group>"; };
		A129BDA82C054AF6006FFA43 /* Base */ = {isa = PBXFileReference; lastKnownFileType = file.storyboard; name = Base; path = Base.lproj/Main.storyboard; sourceTree = "<group>"; };
		A129BDAA2C054AF8006FFA43 /* Assets.xcassets */ = {isa = PBXFileReference; lastKnownFileType = folder.assetcatalog; path = Assets.xcassets; sourceTree = "<group>"; };
		A129BDAD2C054AF8006FFA43 /* Base */ = {isa = PBXFileReference; lastKnownFileType = file.storyboard; name = Base; path = Base.lproj/LaunchScreen.storyboard; sourceTree = "<group>"; };
		A129BDAF2C054AF8006FFA43 /* Info.plist */ = {isa = PBXFileReference; lastKnownFileType = text.plist.xml; path = Info.plist; sourceTree = "<group>"; };
		A129BDB42C054AF8006FFA43 /* SquadFormersTests.xctest */ = {isa = PBXFileReference; explicitFileType = wrapper.cfbundle; includeInIndex = 0; path = SquadFormersTests.xctest; sourceTree = BUILT_PRODUCTS_DIR; };
		A129BDB82C054AF8006FFA43 /* SquadFormersTests.swift */ = {isa = PBXFileReference; lastKnownFileType = sourcecode.swift; path = SquadFormersTests.swift; sourceTree = "<group>"; };
		A129BDBE2C054AF8006FFA43 /* SquadFormersUITests.xctest */ = {isa = PBXFileReference; explicitFileType = wrapper.cfbundle; includeInIndex = 0; path = SquadFormersUITests.xctest; sourceTree = BUILT_PRODUCTS_DIR; };
		A129BDC22C054AF8006FFA43 /* SquadFormersUITests.swift */ = {isa = PBXFileReference; lastKnownFileType = sourcecode.swift; path = SquadFormersUITests.swift; sourceTree = "<group>"; };
		A129BDC42C054AF8006FFA43 /* SquadFormersUITestsLaunchTests.swift */ = {isa = PBXFileReference; lastKnownFileType = sourcecode.swift; path = SquadFormersUITestsLaunchTests.swift; sourceTree = "<group>"; };
		A1D5EE532C0630A100E55D20 /* ArticlesViewController.swift */ = {isa = PBXFileReference; lastKnownFileType = sourcecode.swift; path = ArticlesViewController.swift; sourceTree = "<group>"; };
		A1D5EE562C0632E500E55D20 /* Article.swift */ = {isa = PBXFileReference; lastKnownFileType = sourcecode.swift; path = Article.swift; sourceTree = "<group>"; };
		A1D5EE592C06333300E55D20 /* APIService.swift */ = {isa = PBXFileReference; lastKnownFileType = sourcecode.swift; path = APIService.swift; sourceTree = "<group>"; };
/* End PBXFileReference section */

/* Begin PBXFrameworksBuildPhase section */
		A129BD9B2C054AF6006FFA43 /* Frameworks */ = {
			isa = PBXFrameworksBuildPhase;
			buildActionMask = 2147483647;
			files = (
			);
			runOnlyForDeploymentPostprocessing = 0;
		};
		A129BDB12C054AF8006FFA43 /* Frameworks */ = {
			isa = PBXFrameworksBuildPhase;
			buildActionMask = 2147483647;
			files = (
			);
			runOnlyForDeploymentPostprocessing = 0;
		};
		A129BDBB2C054AF8006FFA43 /* Frameworks */ = {
			isa = PBXFrameworksBuildPhase;
			buildActionMask = 2147483647;
			files = (
			);
			runOnlyForDeploymentPostprocessing = 0;
		};
/* End PBXFrameworksBuildPhase section */

/* Begin PBXGroup section */
		A129BD952C054AF6006FFA43 = {
			isa = PBXGroup;
			children = (
				A129BDA02C054AF6006FFA43 /* SquadFormers */,
				A129BDB72C054AF8006FFA43 /* SquadFormersTests */,
				A129BDC12C054AF8006FFA43 /* SquadFormersUITests */,
				A129BD9F2C054AF6006FFA43 /* Products */,
			);
			sourceTree = "<group>";
		};
		A129BD9F2C054AF6006FFA43 /* Products */ = {
			isa = PBXGroup;
			children = (
				A129BD9E2C054AF6006FFA43 /* SquadFormers.app */,
				A129BDB42C054AF8006FFA43 /* SquadFormersTests.xctest */,
				A129BDBE2C054AF8006FFA43 /* SquadFormersUITests.xctest */,
			);
			name = Products;
			sourceTree = "<group>";
		};
		A129BDA02C054AF6006FFA43 /* SquadFormers */ = {
			isa = PBXGroup;
			children = (
				A1D5EE582C06331C00E55D20 /* Service */,
				A1D5EE552C0632D500E55D20 /* Model */,
				A129BDA12C054AF6006FFA43 /* AppDelegate.swift */,
				A129BDA32C054AF6006FFA43 /* SceneDelegate.swift */,
				A129BDA52C054AF6006FFA43 /* ViewController.swift */,
				A1D5EE532C0630A100E55D20 /* ArticlesViewController.swift */,
				A129BDA72C054AF6006FFA43 /* Main.storyboard */,
				A129BDAA2C054AF8006FFA43 /* Assets.xcassets */,
				A129BDAC2C054AF8006FFA43 /* LaunchScreen.storyboard */,
				A129BDAF2C054AF8006FFA43 /* Info.plist */,
			);
			path = SquadFormers;
			sourceTree = "<group>";
		};
		A129BDB72C054AF8006FFA43 /* SquadFormersTests */ = {
			isa = PBXGroup;
			children = (
				A129BDB82C054AF8006FFA43 /* SquadFormersTests.swift */,
			);
			path = SquadFormersTests;
			sourceTree = "<group>";
		};
		A129BDC12C054AF8006FFA43 /* SquadFormersUITests */ = {
			isa = PBXGroup;
			children = (
				A129BDC22C054AF8006FFA43 /* SquadFormersUITests.swift */,
				A129BDC42C054AF8006FFA43 /* SquadFormersUITestsLaunchTests.swift */,
			);
			path = SquadFormersUITests;
			sourceTree = "<group>";
		};
		A1D5EE552C0632D500E55D20 /* Model */ = {
			isa = PBXGroup;
			children = (
				A1D5EE562C0632E500E55D20 /* Article.swift */,
			);
			path = Model;
			sourceTree = "<group>";
		};
		A1D5EE582C06331C00E55D20 /* Service */ = {
			isa = PBXGroup;
			children = (
				A1D5EE592C06333300E55D20 /* APIService.swift */,
			);
			path = Service;
			sourceTree = "<group>";
		};
/* End PBXGroup section */

/* Begin PBXNativeTarget section */
		A129BD9D2C054AF6006FFA43 /* SquadFormers */ = {
			isa = PBXNativeTarget;
			buildConfigurationList = A129BDC82C054AF8006FFA43 /* Build configuration list for PBXNativeTarget "SquadFormers" */;
			buildPhases = (
				A129BD9A2C054AF6006FFA43 /* Sources */,
				A129BD9B2C054AF6006FFA43 /* Frameworks */,
				A129BD9C2C054AF6006FFA43 /* Resources */,
			);
			buildRules = (
			);
			dependencies = (
			);
			name = SquadFormers;
			productName = SquadFormers;
			productReference = A129BD9E2C054AF6006FFA43 /* SquadFormers.app */;
			productType = "com.apple.product-type.application";
		};
		A129BDB32C054AF8006FFA43 /* SquadFormersTests */ = {
			isa = PBXNativeTarget;
			buildConfigurationList = A129BDCB2C054AF8006FFA43 /* Build configuration list for PBXNativeTarget "SquadFormersTests" */;
			buildPhases = (
				A129BDB02C054AF8006FFA43 /* Sources */,
				A129BDB12C054AF8006FFA43 /* Frameworks */,
				A129BDB22C054AF8006FFA43 /* Resources */,
			);
			buildRules = (
			);
			dependencies = (
				A129BDB62C054AF8006FFA43 /* PBXTargetDependency */,
			);
			name = SquadFormersTests;
			productName = SquadFormersTests;
			productReference = A129BDB42C054AF8006FFA43 /* SquadFormersTests.xctest */;
			productType = "com.apple.product-type.bundle.unit-test";
		};
		A129BDBD2C054AF8006FFA43 /* SquadFormersUITests */ = {
			isa = PBXNativeTarget;
			buildConfigurationList = A129BDCE2C054AF8006FFA43 /* Build configuration list for PBXNativeTarget "SquadFormersUITests" */;
			buildPhases = (
				A129BDBA2C054AF8006FFA43 /* Sources */,
				A129BDBB2C054AF8006FFA43 /* Frameworks */,
				A129BDBC2C054AF8006FFA43 /* Resources */,
			);
			buildRules = (
			);
			dependencies = (
				A129BDC02C054AF8006FFA43 /* PBXTargetDependency */,
			);
			name = SquadFormersUITests;
			productName = SquadFormersUITests;
			productReference = A129BDBE2C054AF8006FFA43 /* SquadFormersUITests.xctest */;
			productType = "com.apple.product-type.bundle.ui-testing";
		};
/* End PBXNativeTarget section */

/* Begin PBXProject section */
		A129BD962C054AF6006FFA43 /* Project object */ = {
			isa = PBXProject;
			attributes = {
				BuildIndependentTargetsInParallel = 1;
				LastSwiftUpdateCheck = 1500;
				LastUpgradeCheck = 1500;
				TargetAttributes = {
					A129BD9D2C054AF6006FFA43 = {
						CreatedOnToolsVersion = 15.0.1;
					};
					A129BDB32C054AF8006FFA43 = {
						CreatedOnToolsVersion = 15.0.1;
						TestTargetID = A129BD9D2C054AF6006FFA43;
					};
					A129BDBD2C054AF8006FFA43 = {
						CreatedOnToolsVersion = 15.0.1;
						TestTargetID = A129BD9D2C054AF6006FFA43;
					};
				};
			};
			buildConfigurationList = A129BD992C054AF6006FFA43 /* Build configuration list for PBXProject "SquadFormers" */;
			compatibilityVersion = "Xcode 14.0";
			developmentRegion = en;
			hasScannedForEncodings = 0;
			knownRegions = (
				en,
				Base,
			);
			mainGroup = A129BD952C054AF6006FFA43;
			productRefGroup = A129BD9F2C054AF6006FFA43 /* Products */;
			projectDirPath = "";
			projectRoot = "";
			targets = (
				A129BD9D2C054AF6006FFA43 /* SquadFormers */,
				A129BDB32C054AF8006FFA43 /* SquadFormersTests */,
				A129BDBD2C054AF8006FFA43 /* SquadFormersUITests */,
			);
		};
/* End PBXProject section */

/* Begin PBXResourcesBuildPhase section */
		A129BD9C2C054AF6006FFA43 /* Resources */ = {
			isa = PBXResourcesBuildPhase;
			buildActionMask = 2147483647;
			files = (
				A129BDAE2C054AF8006FFA43 /* LaunchScreen.storyboard in Resources */,
				A129BDAB2C054AF8006FFA43 /* Assets.xcassets in Resources */,
				A129BDA92C054AF6006FFA43 /* Main.storyboard in Resources */,
			);
			runOnlyForDeploymentPostprocessing = 0;
		};
		A129BDB22C054AF8006FFA43 /* Resources */ = {
			isa = PBXResourcesBuildPhase;
			buildActionMask = 2147483647;
			files = (
			);
			runOnlyForDeploymentPostprocessing = 0;
		};
		A129BDBC2C054AF8006FFA43 /* Resources */ = {
			isa = PBXResourcesBuildPhase;
			buildActionMask = 2147483647;
			files = (
			);
			runOnlyForDeploymentPostprocessing = 0;
		};
/* End PBXResourcesBuildPhase section */

/* Begin PBXSourcesBuildPhase section */
		A129BD9A2C054AF6006FFA43 /* Sources */ = {
			isa = PBXSourcesBuildPhase;
			buildActionMask = 2147483647;
			files = (
				A129BDA62C054AF6006FFA43 /* ViewController.swift in Sources */,
				A1D5EE542C0630A100E55D20 /* ArticlesViewController.swift in Sources */,
				A129BDA22C054AF6006FFA43 /* AppDelegate.swift in Sources */,
				A129BDA42C054AF6006FFA43 /* SceneDelegate.swift in Sources */,
				A1D5EE5A2C06333300E55D20 /* APIService.swift in Sources */,
				A1D5EE572C0632E500E55D20 /* Article.swift in Sources */,
			);
			runOnlyForDeploymentPostprocessing = 0;
		};
		A129BDB02C054AF8006FFA43 /* Sources */ = {
			isa = PBXSourcesBuildPhase;
			buildActionMask = 2147483647;
			files = (
				A129BDB92C054AF8006FFA43 /* SquadFormersTests.swift in Sources */,
			);
			runOnlyForDeploymentPostprocessing = 0;
		};
		A129BDBA2C054AF8006FFA43 /* Sources */ = {
			isa = PBXSourcesBuildPhase;
			buildActionMask = 2147483647;
			files = (
				A129BDC52C054AF8006FFA43 /* SquadFormersUITestsLaunchTests.swift in Sources */,
				A129BDC32C054AF8006FFA43 /* SquadFormersUITests.swift in Sources */,
			);
			runOnlyForDeploymentPostprocessing = 0;
		};
/* End PBXSourcesBuildPhase section */

/* Begin PBXTargetDependency section */
		A129BDB62C054AF8006FFA43 /* PBXTargetDependency */ = {
			isa = PBXTargetDependency;
			target = A129BD9D2C054AF6006FFA43 /* SquadFormers */;
			targetProxy = A129BDB52C054AF8006FFA43 /* PBXContainerItemProxy */;
		};
		A129BDC02C054AF8006FFA43 /* PBXTargetDependency */ = {
			isa = PBXTargetDependency;
			target = A129BD9D2C054AF6006FFA43 /* SquadFormers */;
			targetProxy = A129BDBF2C054AF8006FFA43 /* PBXContainerItemProxy */;
		};
/* End PBXTargetDependency section */

/* Begin PBXVariantGroup section */
		A129BDA72C054AF6006FFA43 /* Main.storyboard */ = {
			isa = PBXVariantGroup;
			children = (
				A129BDA82C054AF6006FFA43 /* Base */,
			);
			name = Main.storyboard;
			sourceTree = "<group>";
		};
		A129BDAC2C054AF8006FFA43 /* LaunchScreen.storyboard */ = {
			isa = PBXVariantGroup;
			children = (
				A129BDAD2C054AF8006FFA43 /* Base */,
			);
			name = LaunchScreen.storyboard;
			sourceTree = "<group>";
		};
/* End PBXVariantGroup section */

/* Begin XCBuildConfiguration section */
		A129BDC62C054AF8006FFA43 /* Debug */ = {
			isa = XCBuildConfiguration;
			buildSettings = {
				ALWAYS_SEARCH_USER_PATHS = NO;
				ASSETCATALOG_COMPILER_GENERATE_SWIFT_ASSET_SYMBOL_EXTENSIONS = YES;
				CLANG_ANALYZER_NONNULL = YES;
				CLANG_ANALYZER_NUMBER_OBJECT_CONVERSION = YES_AGGRESSIVE;
				CLANG_CXX_LANGUAGE_STANDARD = "gnu++20";
				CLANG_ENABLE_MODULES = YES;
				CLANG_ENABLE_OBJC_ARC = YES;
				CLANG_ENABLE_OBJC_WEAK = YES;
				CLANG_WARN_BLOCK_CAPTURE_AUTORELEASING = YES;
				CLANG_WARN_BOOL_CONVERSION = YES;
				CLANG_WARN_COMMA = YES;
				CLANG_WARN_CONSTANT_CONVERSION = YES;
				CLANG_WARN_DEPRECATED_OBJC_IMPLEMENTATIONS = YES;
				CLANG_WARN_DIRECT_OBJC_ISA_USAGE = YES_ERROR;
				CLANG_WARN_DOCUMENTATION_COMMENTS = YES;
				CLANG_WARN_EMPTY_BODY = YES;
				CLANG_WARN_ENUM_CONVERSION = YES;
				CLANG_WARN_INFINITE_RECURSION = YES;
				CLANG_WARN_INT_CONVERSION = YES;
				CLANG_WARN_NON_LITERAL_NULL_CONVERSION = YES;
				CLANG_WARN_OBJC_IMPLICIT_RETAIN_SELF = YES;
				CLANG_WARN_OBJC_LITERAL_CONVERSION = YES;
				CLANG_WARN_OBJC_ROOT_CLASS = YES_ERROR;
				CLANG_WARN_QUOTED_INCLUDE_IN_FRAMEWORK_HEADER = YES;
				CLANG_WARN_RANGE_LOOP_ANALYSIS = YES;
				CLANG_WARN_STRICT_PROTOTYPES = YES;
				CLANG_WARN_SUSPICIOUS_MOVE = YES;
				CLANG_WARN_UNGUARDED_AVAILABILITY = YES_AGGRESSIVE;
				CLANG_WARN_UNREACHABLE_CODE = YES;
				CLANG_WARN__DUPLICATE_METHOD_MATCH = YES;
				COPY_PHASE_STRIP = NO;
				DEBUG_INFORMATION_FORMAT = dwarf;
				ENABLE_STRICT_OBJC_MSGSEND = YES;
				ENABLE_TESTABILITY = YES;
				ENABLE_USER_SCRIPT_SANDBOXING = YES;
				GCC_C_LANGUAGE_STANDARD = gnu17;
				GCC_DYNAMIC_NO_PIC = NO;
				GCC_NO_COMMON_BLOCKS = YES;
				GCC_OPTIMIZATION_LEVEL = 0;
				GCC_PREPROCESSOR_DEFINITIONS = (
					"DEBUG=1",
					"$(inherited)",
				);
				GCC_WARN_64_TO_32_BIT_CONVERSION = YES;
				GCC_WARN_ABOUT_RETURN_TYPE = YES_ERROR;
				GCC_WARN_UNDECLARED_SELECTOR = YES;
				GCC_WARN_UNINITIALIZED_AUTOS = YES_AGGRESSIVE;
				GCC_WARN_UNUSED_FUNCTION = YES;
				GCC_WARN_UNUSED_VARIABLE = YES;
				IPHONEOS_DEPLOYMENT_TARGET = 17.0;
				LOCALIZATION_PREFERS_STRING_CATALOGS = YES;
				MTL_ENABLE_DEBUG_INFO = INCLUDE_SOURCE;
				MTL_FAST_MATH = YES;
				ONLY_ACTIVE_ARCH = YES;
				SDKROOT = iphoneos;
				SWIFT_ACTIVE_COMPILATION_CONDITIONS = "DEBUG $(inherited)";
				SWIFT_OPTIMIZATION_LEVEL = "-Onone";
			};
			name = Debug;
		};
		A129BDC72C054AF8006FFA43 /* Release */ = {
			isa = XCBuildConfiguration;
			buildSettings = {
				ALWAYS_SEARCH_USER_PATHS = NO;
				ASSETCATALOG_COMPILER_GENERATE_SWIFT_ASSET_SYMBOL_EXTENSIONS = YES;
				CLANG_ANALYZER_NONNULL = YES;
				CLANG_ANALYZER_NUMBER_OBJECT_CONVERSION = YES_AGGRESSIVE;
				CLANG_CXX_LANGUAGE_STANDARD = "gnu++20";
				CLANG_ENABLE_MODULES = YES;
				CLANG_ENABLE_OBJC_ARC = YES;
				CLANG_ENABLE_OBJC_WEAK = YES;
				CLANG_WARN_BLOCK_CAPTURE_AUTORELEASING = YES;
				CLANG_WARN_BOOL_CONVERSION = YES;
				CLANG_WARN_COMMA = YES;
				CLANG_WARN_CONSTANT_CONVERSION = YES;
				CLANG_WARN_DEPRECATED_OBJC_IMPLEMENTATIONS = YES;
				CLANG_WARN_DIRECT_OBJC_ISA_USAGE = YES_ERROR;
				CLANG_WARN_DOCUMENTATION_COMMENTS = YES;
				CLANG_WARN_EMPTY_BODY = YES;
				CLANG_WARN_ENUM_CONVERSION = YES;
				CLANG_WARN_INFINITE_RECURSION = YES;
				CLANG_WARN_INT_CONVERSION = YES;
				CLANG_WARN_NON_LITERAL_NULL_CONVERSION = YES;
				CLANG_WARN_OBJC_IMPLICIT_RETAIN_SELF = YES;
				CLANG_WARN_OBJC_LITERAL_CONVERSION = YES;
				CLANG_WARN_OBJC_ROOT_CLASS = YES_ERROR;
				CLANG_WARN_QUOTED_INCLUDE_IN_FRAMEWORK_HEADER = YES;
				CLANG_WARN_RANGE_LOOP_ANALYSIS = YES;
				CLANG_WARN_STRICT_PROTOTYPES = YES;
				CLANG_WARN_SUSPICIOUS_MOVE = YES;
				CLANG_WARN_UNGUARDED_AVAILABILITY = YES_AGGRESSIVE;
				CLANG_WARN_UNREACHABLE_CODE = YES;
				CLANG_WARN__DUPLICATE_METHOD_MATCH = YES;
				COPY_PHASE_STRIP = NO;
				DEBUG_INFORMATION_FORMAT = "dwarf-with-dsym";
				ENABLE_NS_ASSERTIONS = NO;
				ENABLE_STRICT_OBJC_MSGSEND = YES;
				ENABLE_USER_SCRIPT_SANDBOXING = YES;
				GCC_C_LANGUAGE_STANDARD = gnu17;
				GCC_NO_COMMON_BLOCKS = YES;
				GCC_WARN_64_TO_32_BIT_CONVERSION = YES;
				GCC_WARN_ABOUT_RETURN_TYPE = YES_ERROR;
				GCC_WARN_UNDECLARED_SELECTOR = YES;
				GCC_WARN_UNINITIALIZED_AUTOS = YES_AGGRESSIVE;
				GCC_WARN_UNUSED_FUNCTION = YES;
				GCC_WARN_UNUSED_VARIABLE = YES;
				IPHONEOS_DEPLOYMENT_TARGET = 17.0;
				LOCALIZATION_PREFERS_STRING_CATALOGS = YES;
				MTL_ENABLE_DEBUG_INFO = NO;
				MTL_FAST_MATH = YES;
				SDKROOT = iphoneos;
				SWIFT_COMPILATION_MODE = wholemodule;
				VALIDATE_PRODUCT = YES;
			};
			name = Release;
		};
		A129BDC92C054AF8006FFA43 /* Debug */ = {
			isa = XCBuildConfiguration;
			buildSettings = {
				ASSETCATALOG_COMPILER_APPICON_NAME = AppIcon;
				ASSETCATALOG_COMPILER_GLOBAL_ACCENT_COLOR_NAME = AccentColor;
				CODE_SIGN_STYLE = Automatic;
				CURRENT_PROJECT_VERSION = 1;
				DEVELOPMENT_TEAM = MA88LLUHJ3;
				GENERATE_INFOPLIST_FILE = YES;
				INFOPLIST_FILE = SquadFormers/Info.plist;
				INFOPLIST_KEY_UIApplicationSupportsIndirectInputEvents = YES;
				INFOPLIST_KEY_UILaunchStoryboardName = LaunchScreen;
				INFOPLIST_KEY_UIMainStoryboardFile = Main;
				INFOPLIST_KEY_UISupportedInterfaceOrientations_iPad = "UIInterfaceOrientationPortrait UIInterfaceOrientationPortraitUpsideDown UIInterfaceOrientationLandscapeLeft UIInterfaceOrientationLandscapeRight";
				INFOPLIST_KEY_UISupportedInterfaceOrientations_iPhone = "UIInterfaceOrientationPortrait UIInterfaceOrientationLandscapeLeft UIInterfaceOrientationLandscapeRight";
				LD_RUNPATH_SEARCH_PATHS = (
					"$(inherited)",
					"@executable_path/Frameworks",
				);
				MARKETING_VERSION = 1.0;
				PRODUCT_BUNDLE_IDENTIFIER = com.chrispolson.SquadFormers;
				PRODUCT_NAME = "$(TARGET_NAME)";
				SWIFT_EMIT_LOC_STRINGS = YES;
				SWIFT_VERSION = 5.0;
				TARGETED_DEVICE_FAMILY = "1,2";
			};
			name = Debug;
		};
		A129BDCA2C054AF8006FFA43 /* Release */ = {
			isa = XCBuildConfiguration;
			buildSettings = {
				ASSETCATALOG_COMPILER_APPICON_NAME = AppIcon;
				ASSETCATALOG_COMPILER_GLOBAL_ACCENT_COLOR_NAME = AccentColor;
				CODE_SIGN_STYLE = Automatic;
				CURRENT_PROJECT_VERSION = 1;
				DEVELOPMENT_TEAM = MA88LLUHJ3;
				GENERATE_INFOPLIST_FILE = YES;
				INFOPLIST_FILE = SquadFormers/Info.plist;
				INFOPLIST_KEY_UIApplicationSupportsIndirectInputEvents = YES;
				INFOPLIST_KEY_UILaunchStoryboardName = LaunchScreen;
				INFOPLIST_KEY_UIMainStoryboardFile = Main;
				INFOPLIST_KEY_UISupportedInterfaceOrientations_iPad = "UIInterfaceOrientationPortrait UIInterfaceOrientationPortraitUpsideDown UIInterfaceOrientationLandscapeLeft UIInterfaceOrientationLandscapeRight";
				INFOPLIST_KEY_UISupportedInterfaceOrientations_iPhone = "UIInterfaceOrientationPortrait UIInterfaceOrientationLandscapeLeft UIInterfaceOrientationLandscapeRight";
				LD_RUNPATH_SEARCH_PATHS = (
					"$(inherited)",
					"@executable_path/Frameworks",
				);
				MARKETING_VERSION = 1.0;
				PRODUCT_BUNDLE_IDENTIFIER = com.chrispolson.SquadFormers;
				PRODUCT_NAME = "$(TARGET_NAME)";
				SWIFT_EMIT_LOC_STRINGS = YES;
				SWIFT_VERSION = 5.0;
				TARGETED_DEVICE_FAMILY = "1,2";
			};
			name = Release;
		};
		A129BDCC2C054AF8006FFA43 /* Debug */ = {
			isa = XCBuildConfiguration;
			buildSettings = {
				ALWAYS_EMBED_SWIFT_STANDARD_LIBRARIES = YES;
				BUNDLE_LOADER = "$(TEST_HOST)";
				CODE_SIGN_STYLE = Automatic;
				CURRENT_PROJECT_VERSION = 1;
				DEVELOPMENT_TEAM = MA88LLUHJ3;
				GENERATE_INFOPLIST_FILE = YES;
				IPHONEOS_DEPLOYMENT_TARGET = 17.0;
				MARKETING_VERSION = 1.0;
				PRODUCT_BUNDLE_IDENTIFIER = com.chrispolson.SquadFormersTests;
				PRODUCT_NAME = "$(TARGET_NAME)";
				SWIFT_EMIT_LOC_STRINGS = NO;
				SWIFT_VERSION = 5.0;
				TARGETED_DEVICE_FAMILY = "1,2";
				TEST_HOST = "$(BUILT_PRODUCTS_DIR)/SquadFormers.app/$(BUNDLE_EXECUTABLE_FOLDER_PATH)/SquadFormers";
			};
			name = Debug;
		};
		A129BDCD2C054AF8006FFA43 /* Release */ = {
			isa = XCBuildConfiguration;
			buildSettings = {
				ALWAYS_EMBED_SWIFT_STANDARD_LIBRARIES = YES;
				BUNDLE_LOADER = "$(TEST_HOST)";
				CODE_SIGN_STYLE = Automatic;
				CURRENT_PROJECT_VERSION = 1;
				DEVELOPMENT_TEAM = MA88LLUHJ3;
				GENERATE_INFOPLIST_FILE = YES;
				IPHONEOS_DEPLOYMENT_TARGET = 17.0;
				MARKETING_VERSION = 1.0;
				PRODUCT_BUNDLE_IDENTIFIER = com.chrispolson.SquadFormersTests;
				PRODUCT_NAME = "$(TARGET_NAME)";
				SWIFT_EMIT_LOC_STRINGS = NO;
				SWIFT_VERSION = 5.0;
				TARGETED_DEVICE_FAMILY = "1,2";
				TEST_HOST = "$(BUILT_PRODUCTS_DIR)/SquadFormers.app/$(BUNDLE_EXECUTABLE_FOLDER_PATH)/SquadFormers";
			};
			name = Release;
		};
		A129BDCF2C054AF8006FFA43 /* Debug */ = {
			isa = XCBuildConfiguration;
			buildSettings = {
				ALWAYS_EMBED_SWIFT_STANDARD_LIBRARIES = YES;
				CODE_SIGN_STYLE = Automatic;
				CURRENT_PROJECT_VERSION = 1;
				DEVELOPMENT_TEAM = MA88LLUHJ3;
				GENERATE_INFOPLIST_FILE = YES;
				MARKETING_VERSION = 1.0;
				PRODUCT_BUNDLE_IDENTIFIER = com.chrispolson.SquadFormersUITests;
				PRODUCT_NAME = "$(TARGET_NAME)";
				SWIFT_EMIT_LOC_STRINGS = NO;
				SWIFT_VERSION = 5.0;
				TARGETED_DEVICE_FAMILY = "1,2";
				TEST_TARGET_NAME = SquadFormers;
			};
			name = Debug;
		};
		A129BDD02C054AF8006FFA43 /* Release */ = {
			isa = XCBuildConfiguration;
			buildSettings = {
				ALWAYS_EMBED_SWIFT_STANDARD_LIBRARIES = YES;
				CODE_SIGN_STYLE = Automatic;
				CURRENT_PROJECT_VERSION = 1;
				DEVELOPMENT_TEAM = MA88LLUHJ3;
				GENERATE_INFOPLIST_FILE = YES;
				MARKETING_VERSION = 1.0;
				PRODUCT_BUNDLE_IDENTIFIER = com.chrispolson.SquadFormersUITests;
				PRODUCT_NAME = "$(TARGET_NAME)";
				SWIFT_EMIT_LOC_STRINGS = NO;
				SWIFT_VERSION = 5.0;
				TARGETED_DEVICE_FAMILY = "1,2";
				TEST_TARGET_NAME = SquadFormers;
			};
			name = Release;
		};
/* End XCBuildConfiguration section */

/* Begin XCConfigurationList section */
		A129BD992C054AF6006FFA43 /* Build configuration list for PBXProject "SquadFormers" */ = {
			isa = XCConfigurationList;
			buildConfigurations = (
				A129BDC62C054AF8006FFA43 /* Debug */,
				A129BDC72C054AF8006FFA43 /* Release */,
			);
			defaultConfigurationIsVisible = 0;
			defaultConfigurationName = Release;
		};
		A129BDC82C054AF8006FFA43 /* Build configuration list for PBXNativeTarget "SquadFormers" */ = {
			isa = XCConfigurationList;
			buildConfigurations = (
				A129BDC92C054AF8006FFA43 /* Debug */,
				A129BDCA2C054AF8006FFA43 /* Release */,
			);
			defaultConfigurationIsVisible = 0;
			defaultConfigurationName = Release;
		};
		A129BDCB2C054AF8006FFA43 /* Build configuration list for PBXNativeTarget "SquadFormersTests" */ = {
			isa = XCConfigurationList;
			buildConfigurations = (
				A129BDCC2C054AF8006FFA43 /* Debug */,
				A129BDCD2C054AF8006FFA43 /* Release */,
			);
			defaultConfigurationIsVisible = 0;
			defaultConfigurationName = Release;
		};
		A129BDCE2C054AF8006FFA43 /* Build configuration list for PBXNativeTarget "SquadFormersUITests" */ = {
			isa = XCConfigurationList;
			buildConfigurations = (
				A129BDCF2C054AF8006FFA43 /* Debug */,
				A129BDD02C054AF8006FFA43 /* Release */,
			);
			defaultConfigurationIsVisible = 0;
			defaultConfigurationName = Release;
		};
/* End XCConfigurationList section */
	};
	rootObject = A129BD962C054AF6006FFA43 /* Project object */;
}
